# This file is automatically @generated by Cargo.
# It is not intended for manual editing.
[[package]]
name = "bytecodec"
version = "0.4.13"
source = "registry+https://github.com/rust-lang/crates.io-index"
checksum = "b16ea882cfbd9aa6e8f999fed22662f4c8c0853d1d231edec276e0e1f5a802e7"
dependencies = [
 "byteorder",
 "trackable",
]

[[package]]
name = "byteorder"
version = "1.3.4"
source = "registry+https://github.com/rust-lang/crates.io-index"
checksum = "08c48aae112d48ed9f069b33538ea9e3e90aa263cfa3d1c24309612b1f7472de"

[[package]]
name = "httpcodec"
version = "0.2.3"
source = "registry+https://github.com/rust-lang/crates.io-index"
checksum = "9f49d64351430cabd543943b79d48aaf0bc95a41d9ccf5b8774c2cfd23422775"
dependencies = [
 "bytecodec",
 "trackable",
]

[[package]]
name = "k-solder"
version = "0.1.0"
dependencies = [
 "httpcodec",
 "minreq",
]

[[package]]
name = "minreq"
version = "2.1.0"
source = "registry+https://github.com/rust-lang/crates.io-index"
checksum = "de24aea8b7ae2092e5bd3ae8efcf4ca8114f8a33982d4e269d2193c479822521"

[[package]]
name = "proc-macro2"
version = "1.0.9"
source = "registry+https://github.com/rust-lang/crates.io-index"
checksum = "6c09721c6781493a2a492a96b5a5bf19b65917fe6728884e7c44dd0c60ca3435"
dependencies = [
 "unicode-xid",
]

[[package]]
name = "quote"
version = "1.0.3"
source = "registry+https://github.com/rust-lang/crates.io-index"
checksum = "2bdc6c187c65bca4260c9011c9e3132efe4909da44726bad24cf7572ae338d7f"
dependencies = [
 "proc-macro2",
]

[[package]]
name = "syn"
version = "1.0.16"
source = "registry+https://github.com/rust-lang/crates.io-index"
checksum = "123bd9499cfb380418d509322d7a6d52e5315f064fe4b3ad18a53d6b92c07859"
dependencies = [
 "proc-macro2",
 "quote",
 "unicode-xid",
]

[[package]]
name = "trackable"
version = "0.2.23"
source = "registry+https://github.com/rust-lang/crates.io-index"
checksum = "11475c3c53b075360eac9794965822cb053996046545f91cf61d90e00b72efa5"
dependencies = [
 "trackable_derive",
]

[[package]]
name = "trackable_derive"
version = "0.1.3"
source = "registry+https://github.com/rust-lang/crates.io-index"
checksum = "edcf0b9b2caa5f4804ef77aeee1b929629853d806117c48258f402b69737e65c"
dependencies = [
 "quote",
 "syn",
]

[[package]]
name = "unicode-xid"
version = "0.2.0"
source = "registry+https://github.com/rust-lang/crates.io-index"
checksum = "826e7639553986605ec5979c7dd957c7895e93eabed50ab2ffa7f6128a75097c"
